
Microsoft Visual Studio Solution File, Format Version 12.00
# Visual Studio Version 17
VisualStudioVersion = 17.14.36603.0 d17.14
MinimumVisualStudioVersion = 10.0.40219.1
Project("{F184B08F-C81C-45F6-A57F-5ABD9991F28F}") = "SerialPortExample", "SerialPortExample\SerialPortExample.vbproj", "{1CFBB763-4068-488F-B879-9FD2600A463D}"
EndProject
Global
	GlobalSection(SolutionConfigurationPlatforms) = preSolution
		Debug|Any CPU = Debug|Any CPU
		Release|Any CPU = Release|Any CPU
	EndGlobalSection
	GlobalSection(ProjectConfigurationPlatforms) = postSolution
		{1CFBB763-4068-488F-B879-9FD2600A463D}.Debug|Any CPU.ActiveCfg = Debug|Any CPU
		{1CFBB763-4068-488F-B879-9FD2600A463D}.Debug|Any CPU.Build.0 = Debug|Any CPU
		{1CFBB763-4068-488F-B879-9FD2600A463D}.Release|Any CPU.ActiveCfg = Release|Any CPU
		{1CFBB763-4068-488F-B879-9FD2600A463D}.Release|Any CPU.Build.0 = Release|Any CPU
	EndGlobalSection
	GlobalSection(SolutionProperties) = preSolution
		HideSolutionNode = FALSE
	EndGlobalSection
	GlobalSection(ExtensibilityGlobals) = postSolution
		SolutionGuid = {B6322E79-EFC5-4355-85B0-D3D46A165019}
	EndGlobalSection
EndGlobal
